
Microsoft Visual Studio Solution File, Format Version 12.00
# Visual Studio Version 17
VisualStudioVersion = 17.14.36327.8 d17.14
MinimumVisualStudioVersion = 10.0.40219.1
Project("{FAE04EC0-301F-11D3-BF4B-00C04F79EFBC}") = "KieshStockExchange", "KieshStockExchange\KieshStockExchange.csproj", "{003FB175-26C5-4C34-8CD5-C2C5D9129696}"
EndProject
Global
	GlobalSection(SolutionConfigurationPlatforms) = preSolution
		Debug|Any CPU = Debug|Any CPU
		Release|Any CPU = Release|Any CPU
	EndGlobalSection
	GlobalSection(ProjectConfigurationPlatforms) = postSolution
		{003FB175-26C5-4C34-8CD5-C2C5D9129696}.Debug|Any CPU.ActiveCfg = Debug|Any CPU
		{003FB175-26C5-4C34-8CD5-C2C5D9129696}.Debug|Any CPU.Build.0 = Debug|Any CPU
		{003FB175-26C5-4C34-8CD5-C2C5D9129696}.Release|Any CPU.ActiveCfg = Release|Any CPU
		{003FB175-26C5-4C34-8CD5-C2C5D9129696}.Release|Any CPU.Build.0 = Release|Any CPU
	EndGlobalSection
	GlobalSection(SolutionProperties) = preSolution
		HideSolutionNode = FALSE
	EndGlobalSection
	GlobalSection(ExtensibilityGlobals) = postSolution
		SolutionGuid = {7B33D120-8305-488D-A093-5D161F09C062}
	EndGlobalSection
EndGlobal
